
Microsoft Visual Studio Solution File, Format Version 12.00
# Visual Studio 15
VisualStudioVersion = 15.0.26403.3
MinimumVisualStudioVersion = 10.0.40219.1
Project("{FAE04EC0-301F-11D3-BF4B-00C04F79EFBC}") = "WebApi.测试", "WebApi.测试\WebApi.测试.csproj", "{CD35EA33-56D7-4183-BEE0-EAF40A912C38}"
EndProject
Project("{FAE04EC0-301F-11D3-BF4B-00C04F79EFBC}") = "IService", "IService\IService.csproj", "{64D3174D-4290-40C5-8DC7-82C47DB9BA5F}"
EndProject
Project("{FAE04EC0-301F-11D3-BF4B-00C04F79EFBC}") = "Service", "Service\Service.csproj", "{65682A10-831E-48A9-8F86-4E162EE150B7}"
EndProject
Project("{FAE04EC0-301F-11D3-BF4B-00C04F79EFBC}") = "IBusiness", "IBusiness\IBusiness.csproj", "{7D3619A9-44ED-40C3-80BB-BE6F22ED5977}"
EndProject
Project("{FAE04EC0-301F-11D3-BF4B-00C04F79EFBC}") = "Business", "Business\Business.csproj", "{269A4A70-EEAF-4589-B6A3-48880A66EB78}"
EndProject
Project("{FAE04EC0-301F-11D3-BF4B-00C04F79EFBC}") = "DAO", "DAO\DAO.csproj", "{85EABA82-D9CC-40A9-8AC3-E721ACE16B06}"
EndProject
Project("{FAE04EC0-301F-11D3-BF4B-00C04F79EFBC}") = "WebApi", "WebApi\WebApi.csproj", "{1EF2E7E3-01E6-4EFC-9C54-C14E260ECECF}"
EndProject
Project("{FAE04EC0-301F-11D3-BF4B-00C04F79EFBC}") = "UnityService", "UnityService\UnityService.csproj", "{619D9A3B-E32D-40BD-8765-48410FC743BF}"
EndProject
Project("{FAE04EC0-301F-11D3-BF4B-00C04F79EFBC}") = "LoggerService", "LogService\LoggerService.csproj", "{E739BEF1-2020-4FAE-A048-76E0821279DD}"
EndProject
Global
	GlobalSection(SolutionConfigurationPlatforms) = preSolution
		Debug|Any CPU = Debug|Any CPU
		Release|Any CPU = Release|Any CPU
	EndGlobalSection
	GlobalSection(ProjectConfigurationPlatforms) = postSolution
		{CD35EA33-56D7-4183-BEE0-EAF40A912C38}.Debug|Any CPU.ActiveCfg = Debug|Any CPU
		{CD35EA33-56D7-4183-BEE0-EAF40A912C38}.Debug|Any CPU.Build.0 = Debug|Any CPU
		{CD35EA33-56D7-4183-BEE0-EAF40A912C38}.Release|Any CPU.ActiveCfg = Release|Any CPU
		{CD35EA33-56D7-4183-BEE0-EAF40A912C38}.Release|Any CPU.Build.0 = Release|Any CPU
		{64D3174D-4290-40C5-8DC7-82C47DB9BA5F}.Debug|Any CPU.ActiveCfg = Debug|Any CPU
		{64D3174D-4290-40C5-8DC7-82C47DB9BA5F}.Debug|Any CPU.Build.0 = Debug|Any CPU
		{64D3174D-4290-40C5-8DC7-82C47DB9BA5F}.Release|Any CPU.ActiveCfg = Release|Any CPU
		{64D3174D-4290-40C5-8DC7-82C47DB9BA5F}.Release|Any CPU.Build.0 = Release|Any CPU
		{65682A10-831E-48A9-8F86-4E162EE150B7}.Debug|Any CPU.ActiveCfg = Debug|Any CPU
		{65682A10-831E-48A9-8F86-4E162EE150B7}.Debug|Any CPU.Build.0 = Debug|Any CPU
		{65682A10-831E-48A9-8F86-4E162EE150B7}.Release|Any CPU.ActiveCfg = Release|Any CPU
		{65682A10-831E-48A9-8F86-4E162EE150B7}.Release|Any CPU.Build.0 = Release|Any CPU
		{7D3619A9-44ED-40C3-80BB-BE6F22ED5977}.Debug|Any CPU.ActiveCfg = Debug|Any CPU
		{7D3619A9-44ED-40C3-80BB-BE6F22ED5977}.Debug|Any CPU.Build.0 = Debug|Any CPU
		{7D3619A9-44ED-40C3-80BB-BE6F22ED5977}.Release|Any CPU.ActiveCfg = Release|Any CPU
		{7D3619A9-44ED-40C3-80BB-BE6F22ED5977}.Release|Any CPU.Build.0 = Release|Any CPU
		{269A4A70-EEAF-4589-B6A3-48880A66EB78}.Debug|Any CPU.ActiveCfg = Debug|Any CPU
		{269A4A70-EEAF-4589-B6A3-48880A66EB78}.Debug|Any CPU.Build.0 = Debug|Any CPU
		{269A4A70-EEAF-4589-B6A3-48880A66EB78}.Release|Any CPU.ActiveCfg = Release|Any CPU
		{269A4A70-EEAF-4589-B6A3-48880A66EB78}.Release|Any CPU.Build.0 = Release|Any CPU
		{85EABA82-D9CC-40A9-8AC3-E721ACE16B06}.Debug|Any CPU.ActiveCfg = Debug|Any CPU
		{85EABA82-D9CC-40A9-8AC3-E721ACE16B06}.Debug|Any CPU.Build.0 = Debug|Any CPU
		{85EABA82-D9CC-40A9-8AC3-E721ACE16B06}.Release|Any CPU.ActiveCfg = Release|Any CPU
		{85EABA82-D9CC-40A9-8AC3-E721ACE16B06}.Release|Any CPU.Build.0 = Release|Any CPU
		{1EF2E7E3-01E6-4EFC-9C54-C14E260ECECF}.Debug|Any CPU.ActiveCfg = Debug|Any CPU
		{1EF2E7E3-01E6-4EFC-9C54-C14E260ECECF}.Debug|Any CPU.Build.0 = Debug|Any CPU
		{1EF2E7E3-01E6-4EFC-9C54-C14E260ECECF}.Release|Any CPU.ActiveCfg = Release|Any CPU
		{1EF2E7E3-01E6-4EFC-9C54-C14E260ECECF}.Release|Any CPU.Build.0 = Release|Any CPU
		{619D9A3B-E32D-40BD-8765-48410FC743BF}.Debug|Any CPU.ActiveCfg = Debug|Any CPU
		{619D9A3B-E32D-40BD-8765-48410FC743BF}.Debug|Any CPU.Build.0 = Debug|Any CPU
		{619D9A3B-E32D-40BD-8765-48410FC743BF}.Release|Any CPU.ActiveCfg = Release|Any CPU
		{619D9A3B-E32D-40BD-8765-48410FC743BF}.Release|Any CPU.Build.0 = Release|Any CPU
		{E739BEF1-2020-4FAE-A048-76E0821279DD}.Debug|Any CPU.ActiveCfg = Debug|Any CPU
		{E739BEF1-2020-4FAE-A048-76E0821279DD}.Debug|Any CPU.Build.0 = Debug|Any CPU
		{E739BEF1-2020-4FAE-A048-76E0821279DD}.Release|Any CPU.ActiveCfg = Release|Any CPU
		{E739BEF1-2020-4FAE-A048-76E0821279DD}.Release|Any CPU.Build.0 = Release|Any CPU
	EndGlobalSection
	GlobalSection(SolutionProperties) = preSolution
		HideSolutionNode = FALSE
	EndGlobalSection
EndGlobal
