
Microsoft Visual Studio Solution File, Format Version 12.00
# Visual Studio 2012
Project("{FAE04EC0-301F-11D3-BF4B-00C04F79EFBC}") = "Test", "Test\Test.csproj", "{7292F890-089C-4F7A-9004-D3740CCC66E2}"
EndProject
Project("{FAE04EC0-301F-11D3-BF4B-00C04F79EFBC}") = "Reptile", "Reptile\Reptile.csproj", "{1DAA9967-496F-453C-9E61-E32F53756BA3}"
EndProject
Global
	GlobalSection(SolutionConfigurationPlatforms) = preSolution
		Debug|Any CPU = Debug|Any CPU
		Release|Any CPU = Release|Any CPU
	EndGlobalSection
	GlobalSection(ProjectConfigurationPlatforms) = postSolution
		{7292F890-089C-4F7A-9004-D3740CCC66E2}.Debug|Any CPU.ActiveCfg = Debug|Any CPU
		{7292F890-089C-4F7A-9004-D3740CCC66E2}.Debug|Any CPU.Build.0 = Debug|Any CPU
		{7292F890-089C-4F7A-9004-D3740CCC66E2}.Release|Any CPU.ActiveCfg = Release|Any CPU
		{7292F890-089C-4F7A-9004-D3740CCC66E2}.Release|Any CPU.Build.0 = Release|Any CPU
		{1DAA9967-496F-453C-9E61-E32F53756BA3}.Debug|Any CPU.ActiveCfg = Debug|Any CPU
		{1DAA9967-496F-453C-9E61-E32F53756BA3}.Debug|Any CPU.Build.0 = Debug|Any CPU
		{1DAA9967-496F-453C-9E61-E32F53756BA3}.Release|Any CPU.ActiveCfg = Release|Any CPU
		{1DAA9967-496F-453C-9E61-E32F53756BA3}.Release|Any CPU.Build.0 = Release|Any CPU
	EndGlobalSection
	GlobalSection(SolutionProperties) = preSolution
		HideSolutionNode = FALSE
	EndGlobalSection
EndGlobal
